
Microsoft Visual Studio Solution File, Format Version 12.00
# Visual Studio 15
VisualStudioVersion = 15.0.28010.2016
MinimumVisualStudioVersion = 10.0.40219.1
Project("{FAE04EC0-301F-11D3-BF4B-00C04F79EFBC}") = "WADproject", "WADproject\WADproject.csproj", "{11ECD203-2AE5-4E19-AF9A-4C589A0502E9}"
EndProject
Global
	GlobalSection(SolutionConfigurationPlatforms) = preSolution
		Debug|Any CPU = Debug|Any CPU
		Release|Any CPU = Release|Any CPU
	EndGlobalSection
	GlobalSection(ProjectConfigurationPlatforms) = postSolution
		{11ECD203-2AE5-4E19-AF9A-4C589A0502E9}.Debug|Any CPU.ActiveCfg = Debug|Any CPU
		{11ECD203-2AE5-4E19-AF9A-4C589A0502E9}.Debug|Any CPU.Build.0 = Debug|Any CPU
		{11ECD203-2AE5-4E19-AF9A-4C589A0502E9}.Release|Any CPU.ActiveCfg = Release|Any CPU
		{11ECD203-2AE5-4E19-AF9A-4C589A0502E9}.Release|Any CPU.Build.0 = Release|Any CPU
	EndGlobalSection
	GlobalSection(SolutionProperties) = preSolution
		HideSolutionNode = FALSE
	EndGlobalSection
	GlobalSection(ExtensibilityGlobals) = postSolution
		SolutionGuid = {64199B41-A2AC-471E-AD5F-25B0A6E993D5}
	EndGlobalSection
EndGlobal
